
Microsoft Visual Studio Solution File, Format Version 12.00
# Visual Studio Version 17
VisualStudioVersion = 17.0.31903.59
MinimumVisualStudioVersion = 10.0.40219.1
Project("{2150E333-8FDC-42A3-9474-1A3956D46DE8}") = "src", "src", "{827E0CD3-B72D-47B6-A68D-7590B98EB39B}"
EndProject
Project("{2150E333-8FDC-42A3-9474-1A3956D46DE8}") = "backend", "backend", "{FE360695-3F2B-1049-3887-35FBB5135923}"
EndProject
Project("{FAE04EC0-301F-11D3-BF4B-00C04F79EFBC}") = "DDZ.__AppName__.API", "src\backend\DDZ.__AppName__.API\DDZ.__AppName__.API.csproj", "{A1B2C3D4-1234-5678-9ABC-DEF012345678}"
EndProject
Project("{2150E333-8FDC-42A3-9474-1A3956D46DE8}") = "libs", "libs", "{6C4D298B-81FB-2B6B-5AB6-46205EDDC72C}"
EndProject
Project("{2150E333-8FDC-42A3-9474-1A3956D46DE8}") = "DDZ.Libs", "DDZ.Libs", "{BAD1463C-93C4-F5FE-9CF5-D620CF6D8939}"
EndProject
Project("{FAE04EC0-301F-11D3-BF4B-00C04F79EFBC}") = "DDZ.Shared", "libs\DDZ.Libs\DDZ.Shared\DDZ.Shared.csproj", "{3D49C771-6027-493B-B0B3-42851595EE25}"
EndProject
Project("{FAE04EC0-301F-11D3-BF4B-00C04F79EFBC}") = "DDZ.Log", "libs\DDZ.Libs\DDZ.Log\DDZ.Log.csproj", "{93E576DE-DF59-44EC-A844-0585CA90F5F5}"
EndProject
Project("{FAE04EC0-301F-11D3-BF4B-00C04F79EFBC}") = "DDZ.Shared.Authentication", "libs\DDZ.Libs\DDZ.Shared.Authentication\DDZ.Shared.Authentication.csproj", "{3D78076F-7AF7-46E8-879A-977BF14C4BD7}"
EndProject
Project("{FAE04EC0-301F-11D3-BF4B-00C04F79EFBC}") = "DDZ.Shared.Tasks", "libs\DDZ.Libs\DDZ.Shared.Tasks\DDZ.Shared.Tasks.csproj", "{F587ED3B-9B55-459A-A13A-75A9FE91695A}"
EndProject
Project("{FAE04EC0-301F-11D3-BF4B-00C04F79EFBC}") = "DDZ.Shared.Admin", "libs\DDZ.Libs\DDZ.Shared.Admin\DDZ.Shared.Admin.csproj", "{9DA552DA-0B37-403F-826A-A8A80CEBAA8C}"
EndProject
Project("{FAE04EC0-301F-11D3-BF4B-00C04F79EFBC}") = "DDZ.Shared.SignalR", "libs\DDZ.Libs\DDZ.Shared.SignalR\DDZ.Shared.SignalR.csproj", "{CC461F08-8216-4A33-916C-7CB5B1E5C43B}"
EndProject
Global
	GlobalSection(SolutionConfigurationPlatforms) = preSolution
		Debug|Any CPU = Debug|Any CPU
		Release|Any CPU = Release|Any CPU
	EndGlobalSection
	GlobalSection(ProjectConfigurationPlatforms) = postSolution
		{A1B2C3D4-1234-5678-9ABC-DEF012345678}.Debug|Any CPU.ActiveCfg = Debug|Any CPU
		{A1B2C3D4-1234-5678-9ABC-DEF012345678}.Debug|Any CPU.Build.0 = Debug|Any CPU
		{A1B2C3D4-1234-5678-9ABC-DEF012345678}.Release|Any CPU.ActiveCfg = Release|Any CPU
		{A1B2C3D4-1234-5678-9ABC-DEF012345678}.Release|Any CPU.Build.0 = Release|Any CPU
		{3D49C771-6027-493B-B0B3-42851595EE25}.Debug|Any CPU.ActiveCfg = Debug|Any CPU
		{3D49C771-6027-493B-B0B3-42851595EE25}.Debug|Any CPU.Build.0 = Debug|Any CPU
		{3D49C771-6027-493B-B0B3-42851595EE25}.Release|Any CPU.ActiveCfg = Release|Any CPU
		{3D49C771-6027-493B-B0B3-42851595EE25}.Release|Any CPU.Build.0 = Release|Any CPU
		{93E576DE-DF59-44EC-A844-0585CA90F5F5}.Debug|Any CPU.ActiveCfg = Debug|Any CPU
		{93E576DE-DF59-44EC-A844-0585CA90F5F5}.Debug|Any CPU.Build.0 = Debug|Any CPU
		{93E576DE-DF59-44EC-A844-0585CA90F5F5}.Release|Any CPU.ActiveCfg = Release|Any CPU
		{93E576DE-DF59-44EC-A844-0585CA90F5F5}.Release|Any CPU.Build.0 = Release|Any CPU
		{3D78076F-7AF7-46E8-879A-977BF14C4BD7}.Debug|Any CPU.ActiveCfg = Debug|Any CPU
		{3D78076F-7AF7-46E8-879A-977BF14C4BD7}.Debug|Any CPU.Build.0 = Debug|Any CPU
		{3D78076F-7AF7-46E8-879A-977BF14C4BD7}.Release|Any CPU.ActiveCfg = Release|Any CPU
		{3D78076F-7AF7-46E8-879A-977BF14C4BD7}.Release|Any CPU.Build.0 = Release|Any CPU
		{F587ED3B-9B55-459A-A13A-75A9FE91695A}.Debug|Any CPU.ActiveCfg = Debug|Any CPU
		{F587ED3B-9B55-459A-A13A-75A9FE91695A}.Debug|Any CPU.Build.0 = Debug|Any CPU
		{F587ED3B-9B55-459A-A13A-75A9FE91695A}.Release|Any CPU.ActiveCfg = Release|Any CPU
		{F587ED3B-9B55-459A-A13A-75A9FE91695A}.Release|Any CPU.Build.0 = Release|Any CPU
		{9DA552DA-0B37-403F-826A-A8A80CEBAA8C}.Debug|Any CPU.ActiveCfg = Debug|Any CPU
		{9DA552DA-0B37-403F-826A-A8A80CEBAA8C}.Debug|Any CPU.Build.0 = Debug|Any CPU
		{9DA552DA-0B37-403F-826A-A8A80CEBAA8C}.Release|Any CPU.ActiveCfg = Release|Any CPU
		{9DA552DA-0B37-403F-826A-A8A80CEBAA8C}.Release|Any CPU.Build.0 = Release|Any CPU
		{CC461F08-8216-4A33-916C-7CB5B1E5C43B}.Debug|Any CPU.ActiveCfg = Debug|Any CPU
		{CC461F08-8216-4A33-916C-7CB5B1E5C43B}.Debug|Any CPU.Build.0 = Debug|Any CPU
		{CC461F08-8216-4A33-916C-7CB5B1E5C43B}.Release|Any CPU.ActiveCfg = Release|Any CPU
		{CC461F08-8216-4A33-916C-7CB5B1E5C43B}.Release|Any CPU.Build.0 = Release|Any CPU
	EndGlobalSection
	GlobalSection(SolutionProperties) = preSolution
		HideSolutionNode = FALSE
	EndGlobalSection
	GlobalSection(NestedProjects) = preSolution
		{FE360695-3F2B-1049-3887-35FBB5135923} = {827E0CD3-B72D-47B6-A68D-7590B98EB39B}
		{A1B2C3D4-1234-5678-9ABC-DEF012345678} = {FE360695-3F2B-1049-3887-35FBB5135923}
		{BAD1463C-93C4-F5FE-9CF5-D620CF6D8939} = {6C4D298B-81FB-2B6B-5AB6-46205EDDC72C}
		{3D49C771-6027-493B-B0B3-42851595EE25} = {BAD1463C-93C4-F5FE-9CF5-D620CF6D8939}
		{93E576DE-DF59-44EC-A844-0585CA90F5F5} = {BAD1463C-93C4-F5FE-9CF5-D620CF6D8939}
		{3D78076F-7AF7-46E8-879A-977BF14C4BD7} = {BAD1463C-93C4-F5FE-9CF5-D620CF6D8939}
		{F587ED3B-9B55-459A-A13A-75A9FE91695A} = {BAD1463C-93C4-F5FE-9CF5-D620CF6D8939}
		{9DA552DA-0B37-403F-826A-A8A80CEBAA8C} = {BAD1463C-93C4-F5FE-9CF5-D620CF6D8939}
		{CC461F08-8216-4A33-916C-7CB5B1E5C43B} = {BAD1463C-93C4-F5FE-9CF5-D620CF6D8939}
	EndGlobalSection
EndGlobal
